// !$*UTF8*$!
{
	archiveVersion = 1;
	classes = {
	};
	objectVersion = 55;
	objects = {

/* Begin PBXBuildFile section */
		38AC677A28FDDA2100AFA939 /* AppDelegate.swift in Sources */ = {isa = PBXBuildFile; fileRef = 38AC677928FDDA2100AFA939 /* AppDelegate.swift */; };
		38AC677C28FDDA2100AFA939 /* SceneDelegate.swift in Sources */ = {isa = PBXBuildFile; fileRef = 38AC677B28FDDA2100AFA939 /* SceneDelegate.swift */; };
		38AC677E28FDDA2100AFA939 /* ViewController.swift in Sources */ = {isa = PBXBuildFile; fileRef = 38AC677D28FDDA2100AFA939 /* ViewController.swift */; };
		38AC678128FDDA2100AFA939 /* Main.storyboard in Resources */ = {isa = PBXBuildFile; fileRef = 38AC677F28FDDA2100AFA939 /* Main.storyboard */; };
		38AC678428FDDA2100AFA939 /* ColeccionDeJuegos.xcdatamodeld in Sources */ = {isa = PBXBuildFile; fileRef = 38AC678228FDDA2100AFA939 /* ColeccionDeJuegos.xcdatamodeld */; };
		38AC678628FDDA2200AFA939 /* Assets.xcassets in Resources */ = {isa = PBXBuildFile; fileRef = 38AC678528FDDA2200AFA939 /* Assets.xcassets */; };
		38AC678928FDDA2200AFA939 /* LaunchScreen.storyboard in Resources */ = {isa = PBXBuildFile; fileRef = 38AC678728FDDA2200AFA939 /* LaunchScreen.storyboard */; };
		38AC679128FDE5AB00AFA939 /* JuegosViewController.swift in Sources */ = {isa = PBXBuildFile; fileRef = 38AC679028FDE5AB00AFA939 /* JuegosViewController.swift */; };
/* End PBXBuildFile section */

/* Begin PBXFileReference section */
		38AC677628FDDA2100AFA939 /* ColeccionDeJuegos.app */ = {isa = PBXFileReference; explicitFileType = wrapper.application; includeInIndex = 0; path = ColeccionDeJuegos.app; sourceTree = BUILT_PRODUCTS_DIR; };
		38AC677928FDDA2100AFA939 /* AppDelegate.swift */ = {isa = PBXFileReference; lastKnownFileType = sourcecode.swift; path = AppDelegate.swift; sourceTree = "<group>"; };
		38AC677B28FDDA2100AFA939 /* SceneDelegate.swift */ = {isa = PBXFileReference; lastKnownFileType = sourcecode.swift; path = SceneDelegate.swift; sourceTree = "<group>"; };
		38AC677D28FDDA2100AFA939 /* ViewController.swift */ = {isa = PBXFileReference; lastKnownFileType = sourcecode.swift; path = ViewController.swift; sourceTree = "<group>"; };
		38AC678028FDDA2100AFA939 /* Base */ = {isa = PBXFileReference; lastKnownFileType = file.storyboard; name = Base; path = Base.lproj/Main.storyboard; sourceTree = "<group>"; };
		38AC678328FDDA2100AFA939 /* ColeccionDeJuegos.xcdatamodel */ = {isa = PBXFileReference; lastKnownFileType = wrapper.xcdatamodel; path = ColeccionDeJuegos.xcdatamodel; sourceTree = "<group>"; };
		38AC678528FDDA2200AFA939 /* Assets.xcassets */ = {isa = PBXFileReference; lastKnownFileType = folder.assetcatalog; path = Assets.xcassets; sourceTree = "<group>"; };
		38AC678828FDDA2200AFA939 /* Base */ = {isa = PBXFileReference; lastKnownFileType = file.storyboard; name = Base; path = Base.lproj/LaunchScreen.storyboard; sourceTree = "<group>"; };
		38AC678A28FDDA2200AFA939 /* Info.plist */ = {isa = PBXFileReference; lastKnownFileType = text.plist.xml; path = Info.plist; sourceTree = "<group>"; };
		38AC679028FDE5AB00AFA939 /* JuegosViewController.swift */ = {isa = PBXFileReference; lastKnownFileType = sourcecode.swift; path = JuegosViewController.swift; sourceTree = "<group>"; };
/* End PBXFileReference section */

/* Begin PBXFrameworksBuildPhase section */
		38AC677328FDDA2100AFA939 /* Frameworks */ = {
			isa = PBXFrameworksBuildPhase;
			buildActionMask = 2147483647;
			files = (
			);
			runOnlyForDeploymentPostprocessing = 0;
		};
/* End PBXFrameworksBuildPhase section */

/* Begin PBXGroup section */
		38AC676D28FDDA2100AFA939 = {
			isa = PBXGroup;
			children = (
				38AC677828FDDA2100AFA939 /* ColeccionDeJuegos */,
				38AC677728FDDA2100AFA939 /* Products */,
			);
			sourceTree = "<group>";
		};
		38AC677728FDDA2100AFA939 /* Products */ = {
			isa = PBXGroup;
			children = (
				38AC677628FDDA2100AFA939 /* ColeccionDeJuegos.app */,
			);
			name = Products;
			sourceTree = "<group>";
		};
		38AC677828FDDA2100AFA939 /* ColeccionDeJuegos */ = {
			isa = PBXGroup;
			children = (
				38AC677928FDDA2100AFA939 /* AppDelegate.swift */,
				38AC677B28FDDA2100AFA939 /* SceneDelegate.swift */,
				38AC677D28FDDA2100AFA939 /* ViewController.swift */,
				38AC677F28FDDA2100AFA939 /* Main.storyboard */,
				38AC678528FDDA2200AFA939 /* Assets.xcassets */,
				38AC678728FDDA2200AFA939 /* LaunchScreen.storyboard */,
				38AC678A28FDDA2200AFA939 /* Info.plist */,
				38AC678228FDDA2100AFA939 /* ColeccionDeJuegos.xcdatamodeld */,
				38AC679028FDE5AB00AFA939 /* JuegosViewController.swift */,
			);
			path = ColeccionDeJuegos;
			sourceTree = "<group>";
		};
/* End PBXGroup section */

/* Begin PBXNativeTarget section */
		38AC677528FDDA2100AFA939 /* ColeccionDeJuegos */ = {
			isa = PBXNativeTarget;
			buildConfigurationList = 38AC678D28FDDA2200AFA939 /* Build configuration list for PBXNativeTarget "ColeccionDeJuegos" */;
			buildPhases = (
				38AC677228FDDA2100AFA939 /* Sources */,
				38AC677328FDDA2100AFA939 /* Frameworks */,
				38AC677428FDDA2100AFA939 /* Resources */,
			);
			buildRules = (
			);
			dependencies = (
			);
			name = ColeccionDeJuegos;
			productName = ColeccionDeJuegos;
			productReference = 38AC677628FDDA2100AFA939 /* ColeccionDeJuegos.app */;
			productType = "com.apple.product-type.application";
		};
/* End PBXNativeTarget section */

/* Begin PBXProject section */
		38AC676E28FDDA2100AFA939 /* Project object */ = {
			isa = PBXProject;
			attributes = {
				BuildIndependentTargetsInParallel = 1;
				LastSwiftUpdateCheck = 1330;
				LastUpgradeCheck = 1330;
				TargetAttributes = {
					38AC677528FDDA2100AFA939 = {
						CreatedOnToolsVersion = 13.3;
					};
				};
			};
			buildConfigurationList = 38AC677128FDDA2100AFA939 /* Build configuration list for PBXProject "ColeccionDeJuegos" */;
			compatibilityVersion = "Xcode 13.0";
			developmentRegion = en;
			hasScannedForEncodings = 0;
			knownRegions = (
				en,
				Base,
			);
			mainGroup = 38AC676D28FDDA2100AFA939;
			productRefGroup = 38AC677728FDDA2100AFA939 /* Products */;
			projectDirPath = "";
			projectRoot = "";
			targets = (
				38AC677528FDDA2100AFA939 /* ColeccionDeJuegos */,
			);
		};
/* End PBXProject section */

/* Begin PBXResourcesBuildPhase section */
		38AC677428FDDA2100AFA939 /* Resources */ = {
			isa = PBXResourcesBuildPhase;
			buildActionMask = 2147483647;
			files = (
				38AC678928FDDA2200AFA939 /* LaunchScreen.storyboard in Resources */,
				38AC678628FDDA2200AFA939 /* Assets.xcassets in Resources */,
				38AC678128FDDA2100AFA939 /* Main.storyboard in Resources */,
			);
			runOnlyForDeploymentPostprocessing = 0;
		};
/* End PBXResourcesBuildPhase section */

/* Begin PBXSourcesBuildPhase section */
		38AC677228FDDA2100AFA939 /* Sources */ = {
			isa = PBXSourcesBuildPhase;
			buildActionMask = 2147483647;
			files = (
				38AC679128FDE5AB00AFA939 /* JuegosViewController.swift in Sources */,
				38AC677E28FDDA2100AFA939 /* ViewController.swift in Sources */,
				38AC677A28FDDA2100AFA939 /* AppDelegate.swift in Sources */,
				38AC677C28FDDA2100AFA939 /* SceneDelegate.swift in Sources */,
				38AC678428FDDA2100AFA939 /* ColeccionDeJuegos.xcdatamodeld in Sources */,
			);
			runOnlyForDeploymentPostprocessing = 0;
		};
/* End PBXSourcesBuildPhase section */

/* Begin PBXVariantGroup section */
		38AC677F28FDDA2100AFA939 /* Main.storyboard */ = {
			isa = PBXVariantGroup;
			children = (
				38AC678028FDDA2100AFA939 /* Base */,
			);
			name = Main.storyboard;
			sourceTree = "<group>";
		};
		38AC678728FDDA2200AFA939 /* LaunchScreen.storyboard */ = {
			isa = PBXVariantGroup;
			children = (
				38AC678828FDDA2200AFA939 /* Base */,
			);
			name = LaunchScreen.storyboard;
			sourceTree = "<group>";
		};
/* End PBXVariantGroup section */

/* Begin XCBuildConfiguration section */
		38AC678B28FDDA2200AFA939 /* Debug */ = {
			isa = XCBuildConfiguration;
			buildSettings = {
				ALWAYS_SEARCH_USER_PATHS = NO;
				CLANG_ANALYZER_NONNULL = YES;
				CLANG_ANALYZER_NUMBER_OBJECT_CONVERSION = YES_AGGRESSIVE;
				CLANG_CXX_LANGUAGE_STANDARD = "gnu++17";
				CLANG_ENABLE_MODULES = YES;
				CLANG_ENABLE_OBJC_ARC = YES;
				CLANG_ENABLE_OBJC_WEAK = YES;
				CLANG_WARN_BLOCK_CAPTURE_AUTORELEASING = YES;
				CLANG_WARN_BOOL_CONVERSION = YES;
				CLANG_WARN_COMMA = YES;
				CLANG_WARN_CONSTANT_CONVERSION = YES;
				CLANG_WARN_DEPRECATED_OBJC_IMPLEMENTATIONS = YES;
				CLANG_WARN_DIRECT_OBJC_ISA_USAGE = YES_ERROR;
				CLANG_WARN_DOCUMENTATION_COMMENTS = YES;
				CLANG_WARN_EMPTY_BODY = YES;
				CLANG_WARN_ENUM_CONVERSION = YES;
				CLANG_WARN_INFINITE_RECURSION = YES;
				CLANG_WARN_INT_CONVERSION = YES;
				CLANG_WARN_NON_LITERAL_NULL_CONVERSION = YES;
				CLANG_WARN_OBJC_IMPLICIT_RETAIN_SELF = YES;
				CLANG_WARN_OBJC_LITERAL_CONVERSION = YES;
				CLANG_WARN_OBJC_ROOT_CLASS = YES_ERROR;
				CLANG_WARN_QUOTED_INCLUDE_IN_FRAMEWORK_HEADER = YES;
				CLANG_WARN_RANGE_LOOP_ANALYSIS = YES;
				CLANG_WARN_STRICT_PROTOTYPES = YES;
				CLANG_WARN_SUSPICIOUS_MOVE = YES;
				CLANG_WARN_UNGUARDED_AVAILABILITY = YES_AGGRESSIVE;
				CLANG_WARN_UNREACHABLE_CODE = YES;
				CLANG_WARN__DUPLICATE_METHOD_MATCH = YES;
				COPY_PHASE_STRIP = NO;
				DEBUG_INFORMATION_FORMAT = dwarf;
				ENABLE_STRICT_OBJC_MSGSEND = YES;
				ENABLE_TESTABILITY = YES;
				GCC_C_LANGUAGE_STANDARD = gnu11;
				GCC_DYNAMIC_NO_PIC = NO;
				GCC_NO_COMMON_BLOCKS = YES;
				GCC_OPTIMIZATION_LEVEL = 0;
				GCC_PREPROCESSOR_DEFINITIONS = (
					"DEBUG=1",
					"$(inherited)",
				);
				GCC_WARN_64_TO_32_BIT_CONVERSION = YES;
				GCC_WARN_ABOUT_RETURN_TYPE = YES_ERROR;
				GCC_WARN_UNDECLARED_SELECTOR = YES;
				GCC_WARN_UNINITIALIZED_AUTOS = YES_AGGRESSIVE;
				GCC_WARN_UNUSED_FUNCTION = YES;
				GCC_WARN_UNUSED_VARIABLE = YES;
				IPHONEOS_DEPLOYMENT_TARGET = 15.4;
				MTL_ENABLE_DEBUG_INFO = INCLUDE_SOURCE;
				MTL_FAST_MATH = YES;
				ONLY_ACTIVE_ARCH = YES;
				SDKROOT = iphoneos;
				SWIFT_ACTIVE_COMPILATION_CONDITIONS = DEBUG;
				SWIFT_OPTIMIZATION_LEVEL = "-Onone";
			};
			name = Debug;
		};
		38AC678C28FDDA2200AFA939 /* Release */ = {
			isa = XCBuildConfiguration;
			buildSettings = {
				ALWAYS_SEARCH_USER_PATHS = NO;
				CLANG_ANALYZER_NONNULL = YES;
				CLANG_ANALYZER_NUMBER_OBJECT_CONVERSION = YES_AGGRESSIVE;
				CLANG_CXX_LANGUAGE_STANDARD = "gnu++17";
				CLANG_ENABLE_MODULES = YES;
				CLANG_ENABLE_OBJC_ARC = YES;
				CLANG_ENABLE_OBJC_WEAK = YES;
				CLANG_WARN_BLOCK_CAPTURE_AUTORELEASING = YES;
				CLANG_WARN_BOOL_CONVERSION = YES;
				CLANG_WARN_COMMA = YES;
				CLANG_WARN_CONSTANT_CONVERSION = YES;
				CLANG_WARN_DEPRECATED_OBJC_IMPLEMENTATIONS = YES;
				CLANG_WARN_DIRECT_OBJC_ISA_USAGE = YES_ERROR;
				CLANG_WARN_DOCUMENTATION_COMMENTS = YES;
				CLANG_WARN_EMPTY_BODY = YES;
				CLANG_WARN_ENUM_CONVERSION = YES;
				CLANG_WARN_INFINITE_RECURSION = YES;
				CLANG_WARN_INT_CONVERSION = YES;
				CLANG_WARN_NON_LITERAL_NULL_CONVERSION = YES;
				CLANG_WARN_OBJC_IMPLICIT_RETAIN_SELF = YES;
				CLANG_WARN_OBJC_LITERAL_CONVERSION = YES;
				CLANG_WARN_OBJC_ROOT_CLASS = YES_ERROR;
				CLANG_WARN_QUOTED_INCLUDE_IN_FRAMEWORK_HEADER = YES;
				CLANG_WARN_RANGE_LOOP_ANALYSIS = YES;
				CLANG_WARN_STRICT_PROTOTYPES = YES;
				CLANG_WARN_SUSPICIOUS_MOVE = YES;
				CLANG_WARN_UNGUARDED_AVAILABILITY = YES_AGGRESSIVE;
				CLANG_WARN_UNREACHABLE_CODE = YES;
				CLANG_WARN__DUPLICATE_METHOD_MATCH = YES;
				COPY_PHASE_STRIP = NO;
				DEBUG_INFORMATION_FORMAT = "dwarf-with-dsym";
				ENABLE_NS_ASSERTIONS = NO;
				ENABLE_STRICT_OBJC_MSGSEND = YES;
				GCC_C_LANGUAGE_STANDARD = gnu11;
				GCC_NO_COMMON_BLOCKS = YES;
				GCC_WARN_64_TO_32_BIT_CONVERSION = YES;
				GCC_WARN_ABOUT_RETURN_TYPE = YES_ERROR;
				GCC_WARN_UNDECLARED_SELECTOR = YES;
				GCC_WARN_UNINITIALIZED_AUTOS = YES_AGGRESSIVE;
				GCC_WARN_UNUSED_FUNCTION = YES;
				GCC_WARN_UNUSED_VARIABLE = YES;
				IPHONEOS_DEPLOYMENT_TARGET = 15.4;
				MTL_ENABLE_DEBUG_INFO = NO;
				MTL_FAST_MATH = YES;
				SDKROOT = iphoneos;
				SWIFT_COMPILATION_MODE = wholemodule;
				SWIFT_OPTIMIZATION_LEVEL = "-O";
				VALIDATE_PRODUCT = YES;
			};
			name = Release;
		};
		38AC678E28FDDA2200AFA939 /* Debug */ = {
			isa = XCBuildConfiguration;
			buildSettings = {
				ASSETCATALOG_COMPILER_APPICON_NAME = AppIcon;
				ASSETCATALOG_COMPILER_GLOBAL_ACCENT_COLOR_NAME = AccentColor;
				CODE_SIGN_STYLE = Automatic;
				CURRENT_PROJECT_VERSION = 1;
				GENERATE_INFOPLIST_FILE = YES;
				INFOPLIST_FILE = ColeccionDeJuegos/Info.plist;
				INFOPLIST_KEY_UIApplicationSupportsIndirectInputEvents = YES;
				INFOPLIST_KEY_UILaunchStoryboardName = LaunchScreen;
				INFOPLIST_KEY_UIMainStoryboardFile = Main;
				INFOPLIST_KEY_UISupportedInterfaceOrientations_iPad = "UIInterfaceOrientationPortrait UIInterfaceOrientationPortraitUpsideDown UIInterfaceOrientationLandscapeLeft UIInterfaceOrientationLandscapeRight";
				INFOPLIST_KEY_UISupportedInterfaceOrientations_iPhone = "UIInterfaceOrientationPortrait UIInterfaceOrientationLandscapeLeft UIInterfaceOrientationLandscapeRight";
				LD_RUNPATH_SEARCH_PATHS = (
					"$(inherited)",
					"@executable_path/Frameworks",
				);
				MARKETING_VERSION = 1.0;
				PRODUCT_BUNDLE_IDENTIFIER = deah.ColeccionDeJuegos;
				PRODUCT_NAME = "$(TARGET_NAME)";
				SWIFT_EMIT_LOC_STRINGS = YES;
				SWIFT_VERSION = 5.0;
				TARGETED_DEVICE_FAMILY = "1,2";
			};
			name = Debug;
		};
		38AC678F28FDDA2200AFA939 /* Release */ = {
			isa = XCBuildConfiguration;
			buildSettings = {
				ASSETCATALOG_COMPILER_APPICON_NAME = AppIcon;
				ASSETCATALOG_COMPILER_GLOBAL_ACCENT_COLOR_NAME = AccentColor;
				CODE_SIGN_STYLE = Automatic;
				CURRENT_PROJECT_VERSION = 1;
				GENERATE_INFOPLIST_FILE = YES;
				INFOPLIST_FILE = ColeccionDeJuegos/Info.plist;
				INFOPLIST_KEY_UIApplicationSupportsIndirectInputEvents = YES;
				INFOPLIST_KEY_UILaunchStoryboardName = LaunchScreen;
				INFOPLIST_KEY_UIMainStoryboardFile = Main;
				INFOPLIST_KEY_UISupportedInterfaceOrientations_iPad = "UIInterfaceOrientationPortrait UIInterfaceOrientationPortraitUpsideDown UIInterfaceOrientationLandscapeLeft UIInterfaceOrientationLandscapeRight";
				INFOPLIST_KEY_UISupportedInterfaceOrientations_iPhone = "UIInterfaceOrientationPortrait UIInterfaceOrientationLandscapeLeft UIInterfaceOrientationLandscapeRight";
				LD_RUNPATH_SEARCH_PATHS = (
					"$(inherited)",
					"@executable_path/Frameworks",
				);
				MARKETING_VERSION = 1.0;
				PRODUCT_BUNDLE_IDENTIFIER = deah.ColeccionDeJuegos;
				PRODUCT_NAME = "$(TARGET_NAME)";
				SWIFT_EMIT_LOC_STRINGS = YES;
				SWIFT_VERSION = 5.0;
				TARGETED_DEVICE_FAMILY = "1,2";
			};
			name = Release;
		};
/* End XCBuildConfiguration section */

/* Begin XCConfigurationList section */
		38AC677128FDDA2100AFA939 /* Build configuration list for PBXProject "ColeccionDeJuegos" */ = {
			isa = XCConfigurationList;
			buildConfigurations = (
				38AC678B28FDDA2200AFA939 /* Debug */,
				38AC678C28FDDA2200AFA939 /* Release */,
			);
			defaultConfigurationIsVisible = 0;
			defaultConfigurationName = Release;
		};
		38AC678D28FDDA2200AFA939 /* Build configuration list for PBXNativeTarget "ColeccionDeJuegos" */ = {
			isa = XCConfigurationList;
			buildConfigurations = (
				38AC678E28FDDA2200AFA939 /* Debug */,
				38AC678F28FDDA2200AFA939 /* Release */,
			);
			defaultConfigurationIsVisible = 0;
			defaultConfigurationName = Release;
		};
/* End XCConfigurationList section */

/* Begin XCVersionGroup section */
		38AC678228FDDA2100AFA939 /* ColeccionDeJuegos.xcdatamodeld */ = {
			isa = XCVersionGroup;
			children = (
				38AC678328FDDA2100AFA939 /* ColeccionDeJuegos.xcdatamodel */,
			);
			currentVersion = 38AC678328FDDA2100AFA939 /* ColeccionDeJuegos.xcdatamodel */;
			path = ColeccionDeJuegos.xcdatamodeld;
			sourceTree = "<group>";
			versionGroupType = wrapper.xcdatamodel;
		};
/* End XCVersionGroup section */
	};
	rootObject = 38AC676E28FDDA2100AFA939 /* Project object */;
}
